github.com/bep/gallerydeluxe v0.10.0 h1:0CXOArpCD6S0XdhFpXuShnlqx8VJBCrWhKdgi/xdRjE=
github.com/bep/gallerydeluxe v0.10.0/go.mod h1:sUfRcjREo6DwxPo0sMp0TAxNZiGreOY6DY2dWGpSeR8=
github.com/sbruder/spectral v0.0.0-20230529161752-051ab43429d6 h1:cKtOIlIf80BqBGZT81q4LZerqtpVXam7bfjQ2KbrxBg=
github.com/sbruder/spectral v0.0.0-20230529161752-051ab43429d6/go.mod h1:CHnkp+QVfAbCTODPDirPd9CsuN9TMF7eqYXKiw+KaMM=
